
Microsoft Visual Studio Solution File, Format Version 12.00
# Visual Studio Version 16
VisualStudioVersion = 16.0.29001.49
MinimumVisualStudioVersion = 10.0.40219.1
Project("{FAE04EC0-301F-11D3-BF4B-00C04F79EFBC}") = "Lagartija69", "Lagartija69\Lagartija69.csproj", "{A7FB332E-E07D-416F-8939-34F070F33E14}"
EndProject
Global
	GlobalSection(SolutionConfigurationPlatforms) = preSolution
		Debug|Any CPU = Debug|Any CPU
		Release|Any CPU = Release|Any CPU
	EndGlobalSection
	GlobalSection(ProjectConfigurationPlatforms) = postSolution
		{A7FB332E-E07D-416F-8939-34F070F33E14}.Debug|Any CPU.ActiveCfg = Debug|Any CPU
		{A7FB332E-E07D-416F-8939-34F070F33E14}.Debug|Any CPU.Build.0 = Debug|Any CPU
		{A7FB332E-E07D-416F-8939-34F070F33E14}.Release|Any CPU.ActiveCfg = Release|Any CPU
		{A7FB332E-E07D-416F-8939-34F070F33E14}.Release|Any CPU.Build.0 = Release|Any CPU
	EndGlobalSection
	GlobalSection(SolutionProperties) = preSolution
		HideSolutionNode = FALSE
	EndGlobalSection
	GlobalSection(ExtensibilityGlobals) = postSolution
		SolutionGuid = {B893478C-C5A7-4292-887B-CAEA99E3B679}
	EndGlobalSection
EndGlobal
